
Microsoft Visual Studio Solution File, Format Version 11.00
# Visual C# Express 2010
Project("{FAE04EC0-301F-11D3-BF4B-00C04F79EFBC}") = "MiniCoder Reloaded", "MiniCoder Reloaded\MiniCoder Reloaded.csproj", "{EA77D6FC-E9BC-402D-AD7F-B4DB708DD110}"
EndProject
Project("{FAE04EC0-301F-11D3-BF4B-00C04F79EFBC}") = "MediaInfoWrapper", "MediaInfoWrapperDll\MediaInfoWrapper.csproj", "{AB0E4816-51AE-46B1-B9D9-AF3B2CB96D27}"
EndProject
Project("{FAE04EC0-301F-11D3-BF4B-00C04F79EFBC}") = "MiniCoder Reloaded Tests", "MiniCoder Reloaded Tests\MiniCoder Reloaded Tests.csproj", "{7BB00518-6ED1-40E8-89FE-7EC9AF60074A}"
EndProject
Global
	GlobalSection(SolutionConfigurationPlatforms) = preSolution
		Debug|Any CPU = Debug|Any CPU
		Debug|x64 = Debug|x64
		Debug|x86 = Debug|x86
		Release|Any CPU = Release|Any CPU
		Release|x64 = Release|x64
		Release|x86 = Release|x86
	EndGlobalSection
	GlobalSection(ProjectConfigurationPlatforms) = postSolution
		{EA77D6FC-E9BC-402D-AD7F-B4DB708DD110}.Debug|Any CPU.ActiveCfg = Debug|x86
		{EA77D6FC-E9BC-402D-AD7F-B4DB708DD110}.Debug|x64.ActiveCfg = Debug|x86
		{EA77D6FC-E9BC-402D-AD7F-B4DB708DD110}.Debug|x86.ActiveCfg = Debug|x86
		{EA77D6FC-E9BC-402D-AD7F-B4DB708DD110}.Debug|x86.Build.0 = Debug|x86
		{EA77D6FC-E9BC-402D-AD7F-B4DB708DD110}.Release|Any CPU.ActiveCfg = Release|x86
		{EA77D6FC-E9BC-402D-AD7F-B4DB708DD110}.Release|x64.ActiveCfg = Release|x86
		{EA77D6FC-E9BC-402D-AD7F-B4DB708DD110}.Release|x86.ActiveCfg = Release|x86
		{EA77D6FC-E9BC-402D-AD7F-B4DB708DD110}.Release|x86.Build.0 = Release|x86
		{AB0E4816-51AE-46B1-B9D9-AF3B2CB96D27}.Debug|Any CPU.ActiveCfg = Debug|Any CPU
		{AB0E4816-51AE-46B1-B9D9-AF3B2CB96D27}.Debug|Any CPU.Build.0 = Debug|Any CPU
		{AB0E4816-51AE-46B1-B9D9-AF3B2CB96D27}.Debug|x64.ActiveCfg = Debug|x64
		{AB0E4816-51AE-46B1-B9D9-AF3B2CB96D27}.Debug|x64.Build.0 = Debug|x64
		{AB0E4816-51AE-46B1-B9D9-AF3B2CB96D27}.Debug|x86.ActiveCfg = Debug|x86
		{AB0E4816-51AE-46B1-B9D9-AF3B2CB96D27}.Debug|x86.Build.0 = Debug|x86
		{AB0E4816-51AE-46B1-B9D9-AF3B2CB96D27}.Release|Any CPU.ActiveCfg = Release|Any CPU
		{AB0E4816-51AE-46B1-B9D9-AF3B2CB96D27}.Release|Any CPU.Build.0 = Release|Any CPU
		{AB0E4816-51AE-46B1-B9D9-AF3B2CB96D27}.Release|x64.ActiveCfg = Release|x64
		{AB0E4816-51AE-46B1-B9D9-AF3B2CB96D27}.Release|x64.Build.0 = Release|x64
		{AB0E4816-51AE-46B1-B9D9-AF3B2CB96D27}.Release|x86.ActiveCfg = Release|x86
		{AB0E4816-51AE-46B1-B9D9-AF3B2CB96D27}.Release|x86.Build.0 = Release|x86
		{7BB00518-6ED1-40E8-89FE-7EC9AF60074A}.Debug|Any CPU.ActiveCfg = Debug|x86
		{7BB00518-6ED1-40E8-89FE-7EC9AF60074A}.Debug|x64.ActiveCfg = Debug|x86
		{7BB00518-6ED1-40E8-89FE-7EC9AF60074A}.Debug|x86.ActiveCfg = Debug|x86
		{7BB00518-6ED1-40E8-89FE-7EC9AF60074A}.Debug|x86.Build.0 = Debug|x86
		{7BB00518-6ED1-40E8-89FE-7EC9AF60074A}.Release|Any CPU.ActiveCfg = Release|x86
		{7BB00518-6ED1-40E8-89FE-7EC9AF60074A}.Release|x64.ActiveCfg = Release|x86
		{7BB00518-6ED1-40E8-89FE-7EC9AF60074A}.Release|x86.ActiveCfg = Release|x86
		{7BB00518-6ED1-40E8-89FE-7EC9AF60074A}.Release|x86.Build.0 = Release|x86
	EndGlobalSection
	GlobalSection(SolutionProperties) = preSolution
		HideSolutionNode = FALSE
	EndGlobalSection
EndGlobal
